
Microsoft Visual Studio Solution File, Format Version 12.00
# Visual Studio Version 16
VisualStudioVersion = 16.0.29613.14
MinimumVisualStudioVersion = 10.0.40219.1
Project("{8BC9CEB8-8B4A-11D0-8D11-00A0C91BC942}") = "lab01", "lab01\lab01.vcxproj", "{50510754-8A05-4214-8FD8-A19404051181}"
EndProject
Global
	GlobalSection(SolutionConfigurationPlatforms) = preSolution
		Debug|x64 = Debug|x64
		Debug|x86 = Debug|x86
		Release|x64 = Release|x64
		Release|x86 = Release|x86
	EndGlobalSection
	GlobalSection(ProjectConfigurationPlatforms) = postSolution
		{50510754-8A05-4214-8FD8-A19404051181}.Debug|x64.ActiveCfg = Debug|x64
		{50510754-8A05-4214-8FD8-A19404051181}.Debug|x64.Build.0 = Debug|x64
		{50510754-8A05-4214-8FD8-A19404051181}.Debug|x86.ActiveCfg = Debug|Win32
		{50510754-8A05-4214-8FD8-A19404051181}.Debug|x86.Build.0 = Debug|Win32
		{50510754-8A05-4214-8FD8-A19404051181}.Release|x64.ActiveCfg = Release|x64
		{50510754-8A05-4214-8FD8-A19404051181}.Release|x64.Build.0 = Release|x64
		{50510754-8A05-4214-8FD8-A19404051181}.Release|x86.ActiveCfg = Release|Win32
		{50510754-8A05-4214-8FD8-A19404051181}.Release|x86.Build.0 = Release|Win32
	EndGlobalSection
	GlobalSection(SolutionProperties) = preSolution
		HideSolutionNode = FALSE
	EndGlobalSection
	GlobalSection(ExtensibilityGlobals) = postSolution
		SolutionGuid = {60B598FA-5FB0-41D5-A60F-DFF6EBF20CE8}
	EndGlobalSection
EndGlobal
