
Microsoft Visual Studio Solution File, Format Version 12.00
# Visual Studio Version 16
VisualStudioVersion = 16.0.29613.14
MinimumVisualStudioVersion = 10.0.40219.1
Project("{8BC9CEB8-8B4A-11D0-8D11-00A0C91BC942}") = "lab01", "lab01\lab01.vcxproj", "{50510754-8A05-4214-8FD8-A19404051181}"
EndProject
Project("{8BC9CEB8-8B4A-11D0-8D11-00A0C91BC942}") = "test", "test\test.vcxproj", "{6BAE77C1-3EDE-449B-9E19-EA11D033A80D}"
EndProject
Project("{8BC9CEB8-8B4A-11D0-8D11-00A0C91BC942}") = "challenges", "challenges\challenges.vcxproj", "{8D0E42A8-DFC4-4B34-A6D3-D8F4E8D6826F}"
EndProject
Project("{8BC9CEB8-8B4A-11D0-8D11-00A0C91BC942}") = "lab02", "lab02\lab02.vcxproj", "{BA8730A6-23CB-49CD-BAE0-56AC21BDC87B}"
EndProject
Project("{8BC9CEB8-8B4A-11D0-8D11-00A0C91BC942}") = "lab03", "lab03\lab03.vcxproj", "{95A749C6-6AE2-4136-9A46-F3ACAC4C1CBF}"
EndProject
Project("{8BC9CEB8-8B4A-11D0-8D11-00A0C91BC942}") = "lab04", "lab04\lab04.vcxproj", "{613DB6E0-7520-4B35-A9A0-C002AB9991B2}"
EndProject
Global
	GlobalSection(SolutionConfigurationPlatforms) = preSolution
		Debug|x64 = Debug|x64
		Debug|x86 = Debug|x86
		Release|x64 = Release|x64
		Release|x86 = Release|x86
	EndGlobalSection
	GlobalSection(ProjectConfigurationPlatforms) = postSolution
		{50510754-8A05-4214-8FD8-A19404051181}.Debug|x64.ActiveCfg = Debug|x64
		{50510754-8A05-4214-8FD8-A19404051181}.Debug|x64.Build.0 = Debug|x64
		{50510754-8A05-4214-8FD8-A19404051181}.Debug|x86.ActiveCfg = Debug|Win32
		{50510754-8A05-4214-8FD8-A19404051181}.Debug|x86.Build.0 = Debug|Win32
		{50510754-8A05-4214-8FD8-A19404051181}.Release|x64.ActiveCfg = Release|x64
		{50510754-8A05-4214-8FD8-A19404051181}.Release|x64.Build.0 = Release|x64
		{50510754-8A05-4214-8FD8-A19404051181}.Release|x86.ActiveCfg = Release|Win32
		{50510754-8A05-4214-8FD8-A19404051181}.Release|x86.Build.0 = Release|Win32
		{6BAE77C1-3EDE-449B-9E19-EA11D033A80D}.Debug|x64.ActiveCfg = Debug|x64
		{6BAE77C1-3EDE-449B-9E19-EA11D033A80D}.Debug|x64.Build.0 = Debug|x64
		{6BAE77C1-3EDE-449B-9E19-EA11D033A80D}.Debug|x86.ActiveCfg = Debug|Win32
		{6BAE77C1-3EDE-449B-9E19-EA11D033A80D}.Debug|x86.Build.0 = Debug|Win32
		{6BAE77C1-3EDE-449B-9E19-EA11D033A80D}.Release|x64.ActiveCfg = Release|x64
		{6BAE77C1-3EDE-449B-9E19-EA11D033A80D}.Release|x64.Build.0 = Release|x64
		{6BAE77C1-3EDE-449B-9E19-EA11D033A80D}.Release|x86.ActiveCfg = Release|Win32
		{6BAE77C1-3EDE-449B-9E19-EA11D033A80D}.Release|x86.Build.0 = Release|Win32
		{8D0E42A8-DFC4-4B34-A6D3-D8F4E8D6826F}.Debug|x64.ActiveCfg = Debug|x64
		{8D0E42A8-DFC4-4B34-A6D3-D8F4E8D6826F}.Debug|x64.Build.0 = Debug|x64
		{8D0E42A8-DFC4-4B34-A6D3-D8F4E8D6826F}.Debug|x86.ActiveCfg = Debug|Win32
		{8D0E42A8-DFC4-4B34-A6D3-D8F4E8D6826F}.Debug|x86.Build.0 = Debug|Win32
		{8D0E42A8-DFC4-4B34-A6D3-D8F4E8D6826F}.Release|x64.ActiveCfg = Release|x64
		{8D0E42A8-DFC4-4B34-A6D3-D8F4E8D6826F}.Release|x64.Build.0 = Release|x64
		{8D0E42A8-DFC4-4B34-A6D3-D8F4E8D6826F}.Release|x86.ActiveCfg = Release|Win32
		{8D0E42A8-DFC4-4B34-A6D3-D8F4E8D6826F}.Release|x86.Build.0 = Release|Win32
		{BA8730A6-23CB-49CD-BAE0-56AC21BDC87B}.Debug|x64.ActiveCfg = Debug|x64
		{BA8730A6-23CB-49CD-BAE0-56AC21BDC87B}.Debug|x64.Build.0 = Debug|x64
		{BA8730A6-23CB-49CD-BAE0-56AC21BDC87B}.Debug|x86.ActiveCfg = Debug|Win32
		{BA8730A6-23CB-49CD-BAE0-56AC21BDC87B}.Debug|x86.Build.0 = Debug|Win32
		{BA8730A6-23CB-49CD-BAE0-56AC21BDC87B}.Release|x64.ActiveCfg = Release|x64
		{BA8730A6-23CB-49CD-BAE0-56AC21BDC87B}.Release|x64.Build.0 = Release|x64
		{BA8730A6-23CB-49CD-BAE0-56AC21BDC87B}.Release|x86.ActiveCfg = Release|Win32
		{BA8730A6-23CB-49CD-BAE0-56AC21BDC87B}.Release|x86.Build.0 = Release|Win32
		{95A749C6-6AE2-4136-9A46-F3ACAC4C1CBF}.Debug|x64.ActiveCfg = Debug|x64
		{95A749C6-6AE2-4136-9A46-F3ACAC4C1CBF}.Debug|x64.Build.0 = Debug|x64
		{95A749C6-6AE2-4136-9A46-F3ACAC4C1CBF}.Debug|x86.ActiveCfg = Debug|Win32
		{95A749C6-6AE2-4136-9A46-F3ACAC4C1CBF}.Debug|x86.Build.0 = Debug|Win32
		{95A749C6-6AE2-4136-9A46-F3ACAC4C1CBF}.Release|x64.ActiveCfg = Release|x64
		{95A749C6-6AE2-4136-9A46-F3ACAC4C1CBF}.Release|x64.Build.0 = Release|x64
		{95A749C6-6AE2-4136-9A46-F3ACAC4C1CBF}.Release|x86.ActiveCfg = Release|Win32
		{95A749C6-6AE2-4136-9A46-F3ACAC4C1CBF}.Release|x86.Build.0 = Release|Win32
		{613DB6E0-7520-4B35-A9A0-C002AB9991B2}.Debug|x64.ActiveCfg = Debug|x64
		{613DB6E0-7520-4B35-A9A0-C002AB9991B2}.Debug|x64.Build.0 = Debug|x64
		{613DB6E0-7520-4B35-A9A0-C002AB9991B2}.Debug|x86.ActiveCfg = Debug|Win32
		{613DB6E0-7520-4B35-A9A0-C002AB9991B2}.Debug|x86.Build.0 = Debug|Win32
		{613DB6E0-7520-4B35-A9A0-C002AB9991B2}.Release|x64.ActiveCfg = Release|x64
		{613DB6E0-7520-4B35-A9A0-C002AB9991B2}.Release|x64.Build.0 = Release|x64
		{613DB6E0-7520-4B35-A9A0-C002AB9991B2}.Release|x86.ActiveCfg = Release|Win32
		{613DB6E0-7520-4B35-A9A0-C002AB9991B2}.Release|x86.Build.0 = Release|Win32
	EndGlobalSection
	GlobalSection(SolutionProperties) = preSolution
		HideSolutionNode = FALSE
	EndGlobalSection
	GlobalSection(ExtensibilityGlobals) = postSolution
		SolutionGuid = {60B598FA-5FB0-41D5-A60F-DFF6EBF20CE8}
	EndGlobalSection
EndGlobal
